
Microsoft Visual Studio Solution File, Format Version 12.00
# Visual Studio Version 16
VisualStudioVersion = 16.0.31205.134
MinimumVisualStudioVersion = 10.0.40219.1
Project("{FAE04EC0-301F-11D3-BF4B-00C04F79EFBC}") = "LaunchVehicles", "LaunchVehicles\LaunchVehicles.csproj", "{4B9D04F8-2BAE-4887-BFC7-CBFAFA76DDD9}"
EndProject
Global
	GlobalSection(SolutionConfigurationPlatforms) = preSolution
		Debug|Any CPU = Debug|Any CPU
		Release|Any CPU = Release|Any CPU
	EndGlobalSection
	GlobalSection(ProjectConfigurationPlatforms) = postSolution
		{4B9D04F8-2BAE-4887-BFC7-CBFAFA76DDD9}.Debug|Any CPU.ActiveCfg = Debug|Any CPU
		{4B9D04F8-2BAE-4887-BFC7-CBFAFA76DDD9}.Debug|Any CPU.Build.0 = Debug|Any CPU
		{4B9D04F8-2BAE-4887-BFC7-CBFAFA76DDD9}.Release|Any CPU.ActiveCfg = Release|Any CPU
		{4B9D04F8-2BAE-4887-BFC7-CBFAFA76DDD9}.Release|Any CPU.Build.0 = Release|Any CPU
	EndGlobalSection
	GlobalSection(SolutionProperties) = preSolution
		HideSolutionNode = FALSE
	EndGlobalSection
	GlobalSection(ExtensibilityGlobals) = postSolution
		SolutionGuid = {C51D7581-3DEC-42E0-917E-0444B1E2DBF8}
	EndGlobalSection
EndGlobal
